// !$*UTF8*$!
{
	archiveVersion = 1;
	classes = {
	};
	objectVersion = 56;
	objects = {

/* Begin PBXBuildFile section */
		DD15892C2B52632400F70B0A /* AppDelegate.swift in Sources */ = {isa = PBXBuildFile; fileRef = DD15892B2B52632400F70B0A /* AppDelegate.swift */; };
		DD15892E2B52632400F70B0A /* SceneDelegate.swift in Sources */ = {isa = PBXBuildFile; fileRef = DD15892D2B52632400F70B0A /* SceneDelegate.swift */; };
		DD1589352B52632700F70B0A /* Assets.xcassets in Resources */ = {isa = PBXBuildFile; fileRef = DD1589342B52632700F70B0A /* Assets.xcassets */; };
		DD1589382B52632700F70B0A /* LaunchScreen.storyboard in Resources */ = {isa = PBXBuildFile; fileRef = DD1589362B52632700F70B0A /* LaunchScreen.storyboard */; };
		DD1589442B52693000F70B0A /* ModelBuilder.swift in Sources */ = {isa = PBXBuildFile; fileRef = DD1589432B52693000F70B0A /* ModelBuilder.swift */; };
		DD1589462B5269C700F70B0A /* MenuViewController.swift in Sources */ = {isa = PBXBuildFile; fileRef = DD1589452B5269C700F70B0A /* MenuViewController.swift */; };
		DD1589482B526A4800F70B0A /* СontactsViewController.swift in Sources */ = {isa = PBXBuildFile; fileRef = DD1589472B526A4800F70B0A /* СontactsViewController.swift */; };
		DD15894A2B526AA100F70B0A /* ProfileViewController.swift in Sources */ = {isa = PBXBuildFile; fileRef = DD1589492B526AA100F70B0A /* ProfileViewController.swift */; };
		DD15894C2B526ADF00F70B0A /* CartViewController.swift in Sources */ = {isa = PBXBuildFile; fileRef = DD15894B2B526ADF00F70B0A /* CartViewController.swift */; };
		DD15894F2B526C9900F70B0A /* MenuScreenViewPresenter.swift in Sources */ = {isa = PBXBuildFile; fileRef = DD15894E2B526C9900F70B0A /* MenuScreenViewPresenter.swift */; };
		DD1589532B5273BA00F70B0A /* Сity.swift in Sources */ = {isa = PBXBuildFile; fileRef = DD1589522B5273BA00F70B0A /* Сity.swift */; };
		DD1589562B5274D800F70B0A /* NetworkServiceAA.swift in Sources */ = {isa = PBXBuildFile; fileRef = DD1589552B5274D800F70B0A /* NetworkServiceAA.swift */; };
		DD1589582B52751200F70B0A /* NetworkError.swift in Sources */ = {isa = PBXBuildFile; fileRef = DD1589572B52751200F70B0A /* NetworkError.swift */; };
		DD15895A2B52753500F70B0A /* URLManager.swift in Sources */ = {isa = PBXBuildFile; fileRef = DD1589592B52753500F70B0A /* URLManager.swift */; };
		DD15895D2B527A8600F70B0A /* MenuView.swift in Sources */ = {isa = PBXBuildFile; fileRef = DD15895C2B527A8600F70B0A /* MenuView.swift */; };
		DD15895F2B52BC4300F70B0A /* CityTableViewCell.swift in Sources */ = {isa = PBXBuildFile; fileRef = DD15895E2B52BC4300F70B0A /* CityTableViewCell.swift */; };
		DD89F6A92B53F427007F8BD1 /* UIView+AddSudviews.swift in Sources */ = {isa = PBXBuildFile; fileRef = DD89F6A82B53F427007F8BD1 /* UIView+AddSudviews.swift */; };
		DD89F6AB2B53FCD2007F8BD1 /* BannerCollectionViewCell.swift in Sources */ = {isa = PBXBuildFile; fileRef = DD89F6AA2B53FCD2007F8BD1 /* BannerCollectionViewCell.swift */; };
		DD89F6AD2B540FFA007F8BD1 /* CategoriesCollectionViewCell.swift in Sources */ = {isa = PBXBuildFile; fileRef = DD89F6AC2B540FFA007F8BD1 /* CategoriesCollectionViewCell.swift */; };
		DD89F6AF2B541183007F8BD1 /* Category.swift in Sources */ = {isa = PBXBuildFile; fileRef = DD89F6AE2B541183007F8BD1 /* Category.swift */; };
		DD89F6B12B542F47007F8BD1 /* Dish.swift in Sources */ = {isa = PBXBuildFile; fileRef = DD89F6B02B542F47007F8BD1 /* Dish.swift */; };
		DD89F6B32B543BA7007F8BD1 /* DishCollectionViewCell.swift in Sources */ = {isa = PBXBuildFile; fileRef = DD89F6B22B543BA7007F8BD1 /* DishCollectionViewCell.swift */; };
		DD89F6B52B544A66007F8BD1 /* NetworkMonitor.swift in Sources */ = {isa = PBXBuildFile; fileRef = DD89F6B42B544A66007F8BD1 /* NetworkMonitor.swift */; };
		DD89F6B82B544B1C007F8BD1 /* Realm in Frameworks */ = {isa = PBXBuildFile; productRef = DD89F6B72B544B1C007F8BD1 /* Realm */; };
		DD89F6BA2B544B1C007F8BD1 /* RealmSwift in Frameworks */ = {isa = PBXBuildFile; productRef = DD89F6B92B544B1C007F8BD1 /* RealmSwift */; };
		DD89F6BC2B544B35007F8BD1 /* RealmService.swift in Sources */ = {isa = PBXBuildFile; fileRef = DD89F6BB2B544B35007F8BD1 /* RealmService.swift */; };
		DD89F6BF2B549940007F8BD1 /* Images.swift in Sources */ = {isa = PBXBuildFile; fileRef = DD89F6BE2B549940007F8BD1 /* Images.swift */; };
/* End PBXBuildFile section */

/* Begin PBXFileReference section */
		DD1589282B52632400F70B0A /* PizzaDelivery.app */ = {isa = PBXFileReference; explicitFileType = wrapper.application; includeInIndex = 0; path = PizzaDelivery.app; sourceTree = BUILT_PRODUCTS_DIR; };
		DD15892B2B52632400F70B0A /* AppDelegate.swift */ = {isa = PBXFileReference; lastKnownFileType = sourcecode.swift; path = AppDelegate.swift; sourceTree = "<group>"; };
		DD15892D2B52632400F70B0A /* SceneDelegate.swift */ = {isa = PBXFileReference; lastKnownFileType = sourcecode.swift; path = SceneDelegate.swift; sourceTree = "<group>"; };
		DD1589342B52632700F70B0A /* Assets.xcassets */ = {isa = PBXFileReference; lastKnownFileType = folder.assetcatalog; path = Assets.xcassets; sourceTree = "<group>"; };
		DD1589372B52632700F70B0A /* Base */ = {isa = PBXFileReference; lastKnownFileType = file.storyboard; name = Base; path = Base.lproj/LaunchScreen.storyboard; sourceTree = "<group>"; };
		DD1589392B52632700F70B0A /* Info.plist */ = {isa = PBXFileReference; lastKnownFileType = text.plist.xml; path = Info.plist; sourceTree = "<group>"; };
		DD1589432B52693000F70B0A /* ModelBuilder.swift */ = {isa = PBXFileReference; lastKnownFileType = sourcecode.swift; path = ModelBuilder.swift; sourceTree = "<group>"; };
		DD1589452B5269C700F70B0A /* MenuViewController.swift */ = {isa = PBXFileReference; lastKnownFileType = sourcecode.swift; path = MenuViewController.swift; sourceTree = "<group>"; };
		DD1589472B526A4800F70B0A /* СontactsViewController.swift */ = {isa = PBXFileReference; lastKnownFileType = sourcecode.swift; path = "СontactsViewController.swift"; sourceTree = "<group>"; };
		DD1589492B526AA100F70B0A /* ProfileViewController.swift */ = {isa = PBXFileReference; lastKnownFileType = sourcecode.swift; path = ProfileViewController.swift; sourceTree = "<group>"; };
		DD15894B2B526ADF00F70B0A /* CartViewController.swift */ = {isa = PBXFileReference; lastKnownFileType = sourcecode.swift; path = CartViewController.swift; sourceTree = "<group>"; };
		DD15894E2B526C9900F70B0A /* MenuScreenViewPresenter.swift */ = {isa = PBXFileReference; lastKnownFileType = sourcecode.swift; path = MenuScreenViewPresenter.swift; sourceTree = "<group>"; };
		DD1589522B5273BA00F70B0A /* Сity.swift */ = {isa = PBXFileReference; lastKnownFileType = sourcecode.swift; path = "Сity.swift"; sourceTree = "<group>"; };
		DD1589552B5274D800F70B0A /* NetworkServiceAA.swift */ = {isa = PBXFileReference; lastKnownFileType = sourcecode.swift; path = NetworkServiceAA.swift; sourceTree = "<group>"; };
		DD1589572B52751200F70B0A /* NetworkError.swift */ = {isa = PBXFileReference; lastKnownFileType = sourcecode.swift; path = NetworkError.swift; sourceTree = "<group>"; };
		DD1589592B52753500F70B0A /* URLManager.swift */ = {isa = PBXFileReference; lastKnownFileType = sourcecode.swift; path = URLManager.swift; sourceTree = "<group>"; };
		DD15895C2B527A8600F70B0A /* MenuView.swift */ = {isa = PBXFileReference; lastKnownFileType = sourcecode.swift; path = MenuView.swift; sourceTree = "<group>"; };
		DD15895E2B52BC4300F70B0A /* CityTableViewCell.swift */ = {isa = PBXFileReference; lastKnownFileType = sourcecode.swift; path = CityTableViewCell.swift; sourceTree = "<group>"; };
		DD89F6A82B53F427007F8BD1 /* UIView+AddSudviews.swift */ = {isa = PBXFileReference; lastKnownFileType = sourcecode.swift; path = "UIView+AddSudviews.swift"; sourceTree = "<group>"; };
		DD89F6AA2B53FCD2007F8BD1 /* BannerCollectionViewCell.swift */ = {isa = PBXFileReference; lastKnownFileType = sourcecode.swift; path = BannerCollectionViewCell.swift; sourceTree = "<group>"; };
		DD89F6AC2B540FFA007F8BD1 /* CategoriesCollectionViewCell.swift */ = {isa = PBXFileReference; lastKnownFileType = sourcecode.swift; path = CategoriesCollectionViewCell.swift; sourceTree = "<group>"; };
		DD89F6AE2B541183007F8BD1 /* Category.swift */ = {isa = PBXFileReference; lastKnownFileType = sourcecode.swift; path = Category.swift; sourceTree = "<group>"; };
		DD89F6B02B542F47007F8BD1 /* Dish.swift */ = {isa = PBXFileReference; lastKnownFileType = sourcecode.swift; path = Dish.swift; sourceTree = "<group>"; };
		DD89F6B22B543BA7007F8BD1 /* DishCollectionViewCell.swift */ = {isa = PBXFileReference; lastKnownFileType = sourcecode.swift; path = DishCollectionViewCell.swift; sourceTree = "<group>"; };
		DD89F6B42B544A66007F8BD1 /* NetworkMonitor.swift */ = {isa = PBXFileReference; lastKnownFileType = sourcecode.swift; path = NetworkMonitor.swift; sourceTree = "<group>"; };
		DD89F6BB2B544B35007F8BD1 /* RealmService.swift */ = {isa = PBXFileReference; lastKnownFileType = sourcecode.swift; path = RealmService.swift; sourceTree = "<group>"; };
		DD89F6BE2B549940007F8BD1 /* Images.swift */ = {isa = PBXFileReference; lastKnownFileType = sourcecode.swift; path = Images.swift; sourceTree = "<group>"; };
/* End PBXFileReference section */

/* Begin PBXFrameworksBuildPhase section */
		DD1589252B52632400F70B0A /* Frameworks */ = {
			isa = PBXFrameworksBuildPhase;
			buildActionMask = 2147483647;
			files = (
				DD89F6BA2B544B1C007F8BD1 /* RealmSwift in Frameworks */,
				DD89F6B82B544B1C007F8BD1 /* Realm in Frameworks */,
			);
			runOnlyForDeploymentPostprocessing = 0;
		};
/* End PBXFrameworksBuildPhase section */

/* Begin PBXGroup section */
		DD15891F2B52632400F70B0A = {
			isa = PBXGroup;
			children = (
				DD15892A2B52632400F70B0A /* PizzaDelivery */,
				DD1589292B52632400F70B0A /* Products */,
			);
			sourceTree = "<group>";
		};
		DD1589292B52632400F70B0A /* Products */ = {
			isa = PBXGroup;
			children = (
				DD1589282B52632400F70B0A /* PizzaDelivery.app */,
			);
			name = Products;
			sourceTree = "<group>";
		};
		DD15892A2B52632400F70B0A /* PizzaDelivery */ = {
			isa = PBXGroup;
			children = (
				DD15893F2B5263B800F70B0A /* Application */,
				DD89F6A72B53F411007F8BD1 /* Core */,
				DD1589512B52739300F70B0A /* Model */,
				DD1589412B5263F700F70B0A /* Controller */,
				DD15894D2B526C7300F70B0A /* Presenter */,
				DD1589542B52747600F70B0A /* Services */,
				DD1589422B52681C00F70B0A /* Supporting files */,
			);
			path = PizzaDelivery;
			sourceTree = "<group>";
		};
		DD15893F2B5263B800F70B0A /* Application */ = {
			isa = PBXGroup;
			children = (
				DD15892B2B52632400F70B0A /* AppDelegate.swift */,
				DD15892D2B52632400F70B0A /* SceneDelegate.swift */,
				DD1589432B52693000F70B0A /* ModelBuilder.swift */,
				DD1589402B5263E100F70B0A /* View */,
			);
			path = Application;
			sourceTree = "<group>";
		};
		DD1589402B5263E100F70B0A /* View */ = {
			isa = PBXGroup;
			children = (
				DD1589362B52632700F70B0A /* LaunchScreen.storyboard */,
			);
			path = View;
			sourceTree = "<group>";
		};
		DD1589412B5263F700F70B0A /* Controller */ = {
			isa = PBXGroup;
			children = (
				DD1589452B5269C700F70B0A /* MenuViewController.swift */,
				DD1589472B526A4800F70B0A /* СontactsViewController.swift */,
				DD1589492B526AA100F70B0A /* ProfileViewController.swift */,
				DD15894B2B526ADF00F70B0A /* CartViewController.swift */,
				DD15895B2B527A6900F70B0A /* View */,
			);
			path = Controller;
			sourceTree = "<group>";
		};
		DD1589422B52681C00F70B0A /* Supporting files */ = {
			isa = PBXGroup;
			children = (
				DD1589342B52632700F70B0A /* Assets.xcassets */,
				DD1589392B52632700F70B0A /* Info.plist */,
			);
			path = "Supporting files";
			sourceTree = "<group>";
		};
		DD15894D2B526C7300F70B0A /* Presenter */ = {
			isa = PBXGroup;
			children = (
				DD15894E2B526C9900F70B0A /* MenuScreenViewPresenter.swift */,
			);
			path = Presenter;
			sourceTree = "<group>";
		};
		DD1589512B52739300F70B0A /* Model */ = {
			isa = PBXGroup;
			children = (
				DD1589522B5273BA00F70B0A /* Сity.swift */,
				DD89F6AE2B541183007F8BD1 /* Category.swift */,
				DD89F6B02B542F47007F8BD1 /* Dish.swift */,
				DD89F6BE2B549940007F8BD1 /* Images.swift */,
			);
			path = Model;
			sourceTree = "<group>";
		};
		DD1589542B52747600F70B0A /* Services */ = {
			isa = PBXGroup;
			children = (
				DD89F6BD2B544B55007F8BD1 /* Network */,
				DD89F6BB2B544B35007F8BD1 /* RealmService.swift */,
			);
			path = Services;
			sourceTree = "<group>";
		};
		DD15895B2B527A6900F70B0A /* View */ = {
			isa = PBXGroup;
			children = (
				DD15895C2B527A8600F70B0A /* MenuView.swift */,
				DD15895E2B52BC4300F70B0A /* CityTableViewCell.swift */,
				DD89F6AA2B53FCD2007F8BD1 /* BannerCollectionViewCell.swift */,
				DD89F6AC2B540FFA007F8BD1 /* CategoriesCollectionViewCell.swift */,
				DD89F6B22B543BA7007F8BD1 /* DishCollectionViewCell.swift */,
			);
			path = View;
			sourceTree = "<group>";
		};
		DD89F6A72B53F411007F8BD1 /* Core */ = {
			isa = PBXGroup;
			children = (
				DD89F6A82B53F427007F8BD1 /* UIView+AddSudviews.swift */,
			);
			path = Core;
			sourceTree = "<group>";
		};
		DD89F6BD2B544B55007F8BD1 /* Network */ = {
			isa = PBXGroup;
			children = (
				DD1589552B5274D800F70B0A /* NetworkServiceAA.swift */,
				DD1589572B52751200F70B0A /* NetworkError.swift */,
				DD1589592B52753500F70B0A /* URLManager.swift */,
				DD89F6B42B544A66007F8BD1 /* NetworkMonitor.swift */,
			);
			path = Network;
			sourceTree = "<group>";
		};
/* End PBXGroup section */

/* Begin PBXNativeTarget section */
		DD1589272B52632400F70B0A /* PizzaDelivery */ = {
			isa = PBXNativeTarget;
			buildConfigurationList = DD15893C2B52632700F70B0A /* Build configuration list for PBXNativeTarget "PizzaDelivery" */;
			buildPhases = (
				DD1589242B52632400F70B0A /* Sources */,
				DD1589252B52632400F70B0A /* Frameworks */,
				DD1589262B52632400F70B0A /* Resources */,
			);
			buildRules = (
			);
			dependencies = (
			);
			name = PizzaDelivery;
			packageProductDependencies = (
				DD89F6B72B544B1C007F8BD1 /* Realm */,
				DD89F6B92B544B1C007F8BD1 /* RealmSwift */,
			);
			productName = PizzaDelivery;
			productReference = DD1589282B52632400F70B0A /* PizzaDelivery.app */;
			productType = "com.apple.product-type.application";
		};
/* End PBXNativeTarget section */

/* Begin PBXProject section */
		DD1589202B52632400F70B0A /* Project object */ = {
			isa = PBXProject;
			attributes = {
				BuildIndependentTargetsInParallel = 1;
				LastSwiftUpdateCheck = 1510;
				LastUpgradeCheck = 1510;
				TargetAttributes = {
					DD1589272B52632400F70B0A = {
						CreatedOnToolsVersion = 15.1;
					};
				};
			};
			buildConfigurationList = DD1589232B52632400F70B0A /* Build configuration list for PBXProject "PizzaDelivery" */;
			compatibilityVersion = "Xcode 14.0";
			developmentRegion = en;
			hasScannedForEncodings = 0;
			knownRegions = (
				en,
				Base,
			);
			mainGroup = DD15891F2B52632400F70B0A;
			packageReferences = (
				DD89F6B62B544B1C007F8BD1 /* XCRemoteSwiftPackageReference "realm-swift" */,
			);
			productRefGroup = DD1589292B52632400F70B0A /* Products */;
			projectDirPath = "";
			projectRoot = "";
			targets = (
				DD1589272B52632400F70B0A /* PizzaDelivery */,
			);
		};
/* End PBXProject section */

/* Begin PBXResourcesBuildPhase section */
		DD1589262B52632400F70B0A /* Resources */ = {
			isa = PBXResourcesBuildPhase;
			buildActionMask = 2147483647;
			files = (
				DD1589382B52632700F70B0A /* LaunchScreen.storyboard in Resources */,
				DD1589352B52632700F70B0A /* Assets.xcassets in Resources */,
			);
			runOnlyForDeploymentPostprocessing = 0;
		};
/* End PBXResourcesBuildPhase section */

/* Begin PBXSourcesBuildPhase section */
		DD1589242B52632400F70B0A /* Sources */ = {
			isa = PBXSourcesBuildPhase;
			buildActionMask = 2147483647;
			files = (
				DD1589562B5274D800F70B0A /* NetworkServiceAA.swift in Sources */,
				DD89F6BC2B544B35007F8BD1 /* RealmService.swift in Sources */,
				DD15894F2B526C9900F70B0A /* MenuScreenViewPresenter.swift in Sources */,
				DD89F6B32B543BA7007F8BD1 /* DishCollectionViewCell.swift in Sources */,
				DD89F6AD2B540FFA007F8BD1 /* CategoriesCollectionViewCell.swift in Sources */,
				DD89F6A92B53F427007F8BD1 /* UIView+AddSudviews.swift in Sources */,
				DD15894A2B526AA100F70B0A /* ProfileViewController.swift in Sources */,
				DD89F6AF2B541183007F8BD1 /* Category.swift in Sources */,
				DD1589532B5273BA00F70B0A /* Сity.swift in Sources */,
				DD1589462B5269C700F70B0A /* MenuViewController.swift in Sources */,
				DD89F6AB2B53FCD2007F8BD1 /* BannerCollectionViewCell.swift in Sources */,
				DD15895A2B52753500F70B0A /* URLManager.swift in Sources */,
				DD89F6B12B542F47007F8BD1 /* Dish.swift in Sources */,
				DD15894C2B526ADF00F70B0A /* CartViewController.swift in Sources */,
				DD89F6B52B544A66007F8BD1 /* NetworkMonitor.swift in Sources */,
				DD89F6BF2B549940007F8BD1 /* Images.swift in Sources */,
				DD15895D2B527A8600F70B0A /* MenuView.swift in Sources */,
				DD15895F2B52BC4300F70B0A /* CityTableViewCell.swift in Sources */,
				DD1589482B526A4800F70B0A /* СontactsViewController.swift in Sources */,
				DD1589442B52693000F70B0A /* ModelBuilder.swift in Sources */,
				DD15892C2B52632400F70B0A /* AppDelegate.swift in Sources */,
				DD1589582B52751200F70B0A /* NetworkError.swift in Sources */,
				DD15892E2B52632400F70B0A /* SceneDelegate.swift in Sources */,
			);
			runOnlyForDeploymentPostprocessing = 0;
		};
/* End PBXSourcesBuildPhase section */

/* Begin PBXVariantGroup section */
		DD1589362B52632700F70B0A /* LaunchScreen.storyboard */ = {
			isa = PBXVariantGroup;
			children = (
				DD1589372B52632700F70B0A /* Base */,
			);
			name = LaunchScreen.storyboard;
			sourceTree = "<group>";
		};
/* End PBXVariantGroup section */

/* Begin XCBuildConfiguration section */
		DD15893A2B52632700F70B0A /* Debug */ = {
			isa = XCBuildConfiguration;
			buildSettings = {
				ALWAYS_SEARCH_USER_PATHS = NO;
				ASSETCATALOG_COMPILER_GENERATE_SWIFT_ASSET_SYMBOL_EXTENSIONS = YES;
				CLANG_ANALYZER_NONNULL = YES;
				CLANG_ANALYZER_NUMBER_OBJECT_CONVERSION = YES_AGGRESSIVE;
				CLANG_CXX_LANGUAGE_STANDARD = "gnu++20";
				CLANG_ENABLE_MODULES = YES;
				CLANG_ENABLE_OBJC_ARC = YES;
				CLANG_ENABLE_OBJC_WEAK = YES;
				CLANG_WARN_BLOCK_CAPTURE_AUTORELEASING = YES;
				CLANG_WARN_BOOL_CONVERSION = YES;
				CLANG_WARN_COMMA = YES;
				CLANG_WARN_CONSTANT_CONVERSION = YES;
				CLANG_WARN_DEPRECATED_OBJC_IMPLEMENTATIONS = YES;
				CLANG_WARN_DIRECT_OBJC_ISA_USAGE = YES_ERROR;
				CLANG_WARN_DOCUMENTATION_COMMENTS = YES;
				CLANG_WARN_EMPTY_BODY = YES;
				CLANG_WARN_ENUM_CONVERSION = YES;
				CLANG_WARN_INFINITE_RECURSION = YES;
				CLANG_WARN_INT_CONVERSION = YES;
				CLANG_WARN_NON_LITERAL_NULL_CONVERSION = YES;
				CLANG_WARN_OBJC_IMPLICIT_RETAIN_SELF = YES;
				CLANG_WARN_OBJC_LITERAL_CONVERSION = YES;
				CLANG_WARN_OBJC_ROOT_CLASS = YES_ERROR;
				CLANG_WARN_QUOTED_INCLUDE_IN_FRAMEWORK_HEADER = YES;
				CLANG_WARN_RANGE_LOOP_ANALYSIS = YES;
				CLANG_WARN_STRICT_PROTOTYPES = YES;
				CLANG_WARN_SUSPICIOUS_MOVE = YES;
				CLANG_WARN_UNGUARDED_AVAILABILITY = YES_AGGRESSIVE;
				CLANG_WARN_UNREACHABLE_CODE = YES;
				CLANG_WARN__DUPLICATE_METHOD_MATCH = YES;
				COPY_PHASE_STRIP = NO;
				DEBUG_INFORMATION_FORMAT = dwarf;
				ENABLE_STRICT_OBJC_MSGSEND = YES;
				ENABLE_TESTABILITY = YES;
				ENABLE_USER_SCRIPT_SANDBOXING = YES;
				GCC_C_LANGUAGE_STANDARD = gnu17;
				GCC_DYNAMIC_NO_PIC = NO;
				GCC_NO_COMMON_BLOCKS = YES;
				GCC_OPTIMIZATION_LEVEL = 0;
				GCC_PREPROCESSOR_DEFINITIONS = (
					"DEBUG=1",
					"$(inherited)",
				);
				GCC_WARN_64_TO_32_BIT_CONVERSION = YES;
				GCC_WARN_ABOUT_RETURN_TYPE = YES_ERROR;
				GCC_WARN_UNDECLARED_SELECTOR = YES;
				GCC_WARN_UNINITIALIZED_AUTOS = YES_AGGRESSIVE;
				GCC_WARN_UNUSED_FUNCTION = YES;
				GCC_WARN_UNUSED_VARIABLE = YES;
				IPHONEOS_DEPLOYMENT_TARGET = 17.2;
				LOCALIZATION_PREFERS_STRING_CATALOGS = YES;
				MTL_ENABLE_DEBUG_INFO = INCLUDE_SOURCE;
				MTL_FAST_MATH = YES;
				ONLY_ACTIVE_ARCH = YES;
				SDKROOT = iphoneos;
				SWIFT_ACTIVE_COMPILATION_CONDITIONS = "DEBUG $(inherited)";
				SWIFT_OPTIMIZATION_LEVEL = "-Onone";
			};
			name = Debug;
		};
		DD15893B2B52632700F70B0A /* Release */ = {
			isa = XCBuildConfiguration;
			buildSettings = {
				ALWAYS_SEARCH_USER_PATHS = NO;
				ASSETCATALOG_COMPILER_GENERATE_SWIFT_ASSET_SYMBOL_EXTENSIONS = YES;
				CLANG_ANALYZER_NONNULL = YES;
				CLANG_ANALYZER_NUMBER_OBJECT_CONVERSION = YES_AGGRESSIVE;
				CLANG_CXX_LANGUAGE_STANDARD = "gnu++20";
				CLANG_ENABLE_MODULES = YES;
				CLANG_ENABLE_OBJC_ARC = YES;
				CLANG_ENABLE_OBJC_WEAK = YES;
				CLANG_WARN_BLOCK_CAPTURE_AUTORELEASING = YES;
				CLANG_WARN_BOOL_CONVERSION = YES;
				CLANG_WARN_COMMA = YES;
				CLANG_WARN_CONSTANT_CONVERSION = YES;
				CLANG_WARN_DEPRECATED_OBJC_IMPLEMENTATIONS = YES;
				CLANG_WARN_DIRECT_OBJC_ISA_USAGE = YES_ERROR;
				CLANG_WARN_DOCUMENTATION_COMMENTS = YES;
				CLANG_WARN_EMPTY_BODY = YES;
				CLANG_WARN_ENUM_CONVERSION = YES;
				CLANG_WARN_INFINITE_RECURSION = YES;
				CLANG_WARN_INT_CONVERSION = YES;
				CLANG_WARN_NON_LITERAL_NULL_CONVERSION = YES;
				CLANG_WARN_OBJC_IMPLICIT_RETAIN_SELF = YES;
				CLANG_WARN_OBJC_LITERAL_CONVERSION = YES;
				CLANG_WARN_OBJC_ROOT_CLASS = YES_ERROR;
				CLANG_WARN_QUOTED_INCLUDE_IN_FRAMEWORK_HEADER = YES;
				CLANG_WARN_RANGE_LOOP_ANALYSIS = YES;
				CLANG_WARN_STRICT_PROTOTYPES = YES;
				CLANG_WARN_SUSPICIOUS_MOVE = YES;
				CLANG_WARN_UNGUARDED_AVAILABILITY = YES_AGGRESSIVE;
				CLANG_WARN_UNREACHABLE_CODE = YES;
				CLANG_WARN__DUPLICATE_METHOD_MATCH = YES;
				COPY_PHASE_STRIP = NO;
				DEBUG_INFORMATION_FORMAT = "dwarf-with-dsym";
				ENABLE_NS_ASSERTIONS = NO;
				ENABLE_STRICT_OBJC_MSGSEND = YES;
				ENABLE_USER_SCRIPT_SANDBOXING = YES;
				GCC_C_LANGUAGE_STANDARD = gnu17;
				GCC_NO_COMMON_BLOCKS = YES;
				GCC_WARN_64_TO_32_BIT_CONVERSION = YES;
				GCC_WARN_ABOUT_RETURN_TYPE = YES_ERROR;
				GCC_WARN_UNDECLARED_SELECTOR = YES;
				GCC_WARN_UNINITIALIZED_AUTOS = YES_AGGRESSIVE;
				GCC_WARN_UNUSED_FUNCTION = YES;
				GCC_WARN_UNUSED_VARIABLE = YES;
				IPHONEOS_DEPLOYMENT_TARGET = 17.2;
				LOCALIZATION_PREFERS_STRING_CATALOGS = YES;
				MTL_ENABLE_DEBUG_INFO = NO;
				MTL_FAST_MATH = YES;
				SDKROOT = iphoneos;
				SWIFT_COMPILATION_MODE = wholemodule;
				VALIDATE_PRODUCT = YES;
			};
			name = Release;
		};
		DD15893D2B52632700F70B0A /* Debug */ = {
			isa = XCBuildConfiguration;
			buildSettings = {
				ASSETCATALOG_COMPILER_APPICON_NAME = AppIcon;
				ASSETCATALOG_COMPILER_GLOBAL_ACCENT_COLOR_NAME = AccentColor;
				CODE_SIGN_STYLE = Automatic;
				CURRENT_PROJECT_VERSION = 1;
				DEVELOPMENT_TEAM = 62VLSN5H88;
				GENERATE_INFOPLIST_FILE = YES;
				INFOPLIST_FILE = "PizzaDelivery/Supporting files/Info.plist";
				INFOPLIST_KEY_LSApplicationCategoryType = "public.app-category.food-and-drink";
				INFOPLIST_KEY_UIApplicationSupportsIndirectInputEvents = YES;
				INFOPLIST_KEY_UILaunchStoryboardName = LaunchScreen;
				INFOPLIST_KEY_UISupportedInterfaceOrientations = UIInterfaceOrientationPortrait;
				INFOPLIST_KEY_UISupportedInterfaceOrientations_iPad = "UIInterfaceOrientationLandscapeLeft UIInterfaceOrientationLandscapeRight UIInterfaceOrientationPortrait UIInterfaceOrientationPortraitUpsideDown";
				IPHONEOS_DEPLOYMENT_TARGET = 17.0;
				LD_RUNPATH_SEARCH_PATHS = (
					"$(inherited)",
					"@executable_path/Frameworks",
				);
				MARKETING_VERSION = 1.0;
				PRODUCT_BUNDLE_IDENTIFIER = ru.deshab.PizzaDelivery;
				PRODUCT_NAME = "$(TARGET_NAME)";
				SUPPORTED_PLATFORMS = "iphoneos iphonesimulator";
				SUPPORTS_MACCATALYST = NO;
				SUPPORTS_MAC_DESIGNED_FOR_IPHONE_IPAD = NO;
				SWIFT_EMIT_LOC_STRINGS = YES;
				SWIFT_VERSION = 5.0;
				TARGETED_DEVICE_FAMILY = 1;
			};
			name = Debug;
		};
		DD15893E2B52632700F70B0A /* Release */ = {
			isa = XCBuildConfiguration;
			buildSettings = {
				ASSETCATALOG_COMPILER_APPICON_NAME = AppIcon;
				ASSETCATALOG_COMPILER_GLOBAL_ACCENT_COLOR_NAME = AccentColor;
				CODE_SIGN_STYLE = Automatic;
				CURRENT_PROJECT_VERSION = 1;
				DEVELOPMENT_TEAM = 62VLSN5H88;
				GENERATE_INFOPLIST_FILE = YES;
				INFOPLIST_FILE = "PizzaDelivery/Supporting files/Info.plist";
				INFOPLIST_KEY_LSApplicationCategoryType = "public.app-category.food-and-drink";
				INFOPLIST_KEY_UIApplicationSupportsIndirectInputEvents = YES;
				INFOPLIST_KEY_UILaunchStoryboardName = LaunchScreen;
				INFOPLIST_KEY_UISupportedInterfaceOrientations = UIInterfaceOrientationPortrait;
				INFOPLIST_KEY_UISupportedInterfaceOrientations_iPad = "UIInterfaceOrientationLandscapeLeft UIInterfaceOrientationLandscapeRight UIInterfaceOrientationPortrait UIInterfaceOrientationPortraitUpsideDown";
				IPHONEOS_DEPLOYMENT_TARGET = 17.0;
				LD_RUNPATH_SEARCH_PATHS = (
					"$(inherited)",
					"@executable_path/Frameworks",
				);
				MARKETING_VERSION = 1.0;
				PRODUCT_BUNDLE_IDENTIFIER = ru.deshab.PizzaDelivery;
				PRODUCT_NAME = "$(TARGET_NAME)";
				SUPPORTED_PLATFORMS = "iphoneos iphonesimulator";
				SUPPORTS_MACCATALYST = NO;
				SUPPORTS_MAC_DESIGNED_FOR_IPHONE_IPAD = NO;
				SWIFT_EMIT_LOC_STRINGS = YES;
				SWIFT_VERSION = 5.0;
				TARGETED_DEVICE_FAMILY = 1;
			};
			name = Release;
		};
/* End XCBuildConfiguration section */

/* Begin XCConfigurationList section */
		DD1589232B52632400F70B0A /* Build configuration list for PBXProject "PizzaDelivery" */ = {
			isa = XCConfigurationList;
			buildConfigurations = (
				DD15893A2B52632700F70B0A /* Debug */,
				DD15893B2B52632700F70B0A /* Release */,
			);
			defaultConfigurationIsVisible = 0;
			defaultConfigurationName = Release;
		};
		DD15893C2B52632700F70B0A /* Build configuration list for PBXNativeTarget "PizzaDelivery" */ = {
			isa = XCConfigurationList;
			buildConfigurations = (
				DD15893D2B52632700F70B0A /* Debug */,
				DD15893E2B52632700F70B0A /* Release */,
			);
			defaultConfigurationIsVisible = 0;
			defaultConfigurationName = Release;
		};
/* End XCConfigurationList section */

/* Begin XCRemoteSwiftPackageReference section */
		DD89F6B62B544B1C007F8BD1 /* XCRemoteSwiftPackageReference "realm-swift" */ = {
			isa = XCRemoteSwiftPackageReference;
			repositoryURL = "https://github.com/realm/realm-swift.git";
			requirement = {
				branch = master;
				kind = branch;
			};
		};
/* End XCRemoteSwiftPackageReference section */

/* Begin XCSwiftPackageProductDependency section */
		DD89F6B72B544B1C007F8BD1 /* Realm */ = {
			isa = XCSwiftPackageProductDependency;
			package = DD89F6B62B544B1C007F8BD1 /* XCRemoteSwiftPackageReference "realm-swift" */;
			productName = Realm;
		};
		DD89F6B92B544B1C007F8BD1 /* RealmSwift */ = {
			isa = XCSwiftPackageProductDependency;
			package = DD89F6B62B544B1C007F8BD1 /* XCRemoteSwiftPackageReference "realm-swift" */;
			productName = RealmSwift;
		};
/* End XCSwiftPackageProductDependency section */
	};
	rootObject = DD1589202B52632400F70B0A /* Project object */;
}
